
Microsoft Visual Studio Solution File, Format Version 12.00
# Visual Studio 15
VisualStudioVersion = 15.0.27703.2047
MinimumVisualStudioVersion = 10.0.40219.1
Project("{FAE04EC0-301F-11D3-BF4B-00C04F79EFBC}") = "appVuelaSA", "appVuelaSA\appVuelaSA.csproj", "{732443E0-352D-4435-824A-6B52CC5CCB1E}"
EndProject
Global
	GlobalSection(SolutionConfigurationPlatforms) = preSolution
		Debug|Any CPU = Debug|Any CPU
		Release|Any CPU = Release|Any CPU
	EndGlobalSection
	GlobalSection(ProjectConfigurationPlatforms) = postSolution
		{732443E0-352D-4435-824A-6B52CC5CCB1E}.Debug|Any CPU.ActiveCfg = Debug|Any CPU
		{732443E0-352D-4435-824A-6B52CC5CCB1E}.Debug|Any CPU.Build.0 = Debug|Any CPU
		{732443E0-352D-4435-824A-6B52CC5CCB1E}.Release|Any CPU.ActiveCfg = Release|Any CPU
		{732443E0-352D-4435-824A-6B52CC5CCB1E}.Release|Any CPU.Build.0 = Release|Any CPU
	EndGlobalSection
	GlobalSection(SolutionProperties) = preSolution
		HideSolutionNode = FALSE
	EndGlobalSection
	GlobalSection(ExtensibilityGlobals) = postSolution
		SolutionGuid = {12FA65EF-C7DD-4090-A0E0-E47E25C24A0A}
	EndGlobalSection
EndGlobal
